
Microsoft Visual Studio Solution File, Format Version 12.00
# Visual Studio Version 16
VisualStudioVersion = 16.0.808.4
MinimumVisualStudioVersion = 10.0.40219.1
Project("{FAE04EC0-301F-11D3-BF4B-00C04F79EFBC}") = "Refactorig", "Refactorig.csproj", "{98979258-ABD0-4AB0-A1DC-F328D221E0A1}"
EndProject
Global
	GlobalSection(SolutionConfigurationPlatforms) = preSolution
		Debug|Any CPU = Debug|Any CPU
		Release|Any CPU = Release|Any CPU
	EndGlobalSection
	GlobalSection(ProjectConfigurationPlatforms) = postSolution
		{98979258-ABD0-4AB0-A1DC-F328D221E0A1}.Debug|Any CPU.ActiveCfg = Debug|Any CPU
		{98979258-ABD0-4AB0-A1DC-F328D221E0A1}.Debug|Any CPU.Build.0 = Debug|Any CPU
		{98979258-ABD0-4AB0-A1DC-F328D221E0A1}.Release|Any CPU.ActiveCfg = Release|Any CPU
		{98979258-ABD0-4AB0-A1DC-F328D221E0A1}.Release|Any CPU.Build.0 = Release|Any CPU
	EndGlobalSection
	GlobalSection(SolutionProperties) = preSolution
		HideSolutionNode = FALSE
	EndGlobalSection
	GlobalSection(ExtensibilityGlobals) = postSolution
		SolutionGuid = {5260479E-6D13-44E6-9745-A00EC17BDC23}
	EndGlobalSection
EndGlobal
