
Microsoft Visual Studio Solution File, Format Version 12.00
# Visual Studio 15
Project("{FAE04EC0-301F-11D3-BF4B-00C04F79EFBC}") = "InterfaceSeg", "InterfaceSeg.csproj", "{2CC1232D-C5A3-4E05-9AA1-5E844B279B1B}"
EndProject
Global
	GlobalSection(SolutionConfigurationPlatforms) = preSolution
		Debug|Any CPU = Debug|Any CPU
		Release|Any CPU = Release|Any CPU
	EndGlobalSection
	GlobalSection(ProjectConfigurationPlatforms) = postSolution
		{2CC1232D-C5A3-4E05-9AA1-5E844B279B1B}.Debug|Any CPU.ActiveCfg = Debug|Any CPU
		{2CC1232D-C5A3-4E05-9AA1-5E844B279B1B}.Debug|Any CPU.Build.0 = Debug|Any CPU
		{2CC1232D-C5A3-4E05-9AA1-5E844B279B1B}.Release|Any CPU.ActiveCfg = Release|Any CPU
		{2CC1232D-C5A3-4E05-9AA1-5E844B279B1B}.Release|Any CPU.Build.0 = Release|Any CPU
	EndGlobalSection
EndGlobal
