
Microsoft Visual Studio Solution File, Format Version 12.00
# Visual Studio Version 16
VisualStudioVersion = 16.0.809.2
MinimumVisualStudioVersion = 10.0.40219.1
Project("{FAE04EC0-301F-11D3-BF4B-00C04F79EFBC}") = "Interpreter", "Interpreter.csproj", "{C70369E1-4334-4C18-B53B-489C7A11571D}"
EndProject
Global
	GlobalSection(SolutionConfigurationPlatforms) = preSolution
		Debug|anycpu = Debug|anycpu
		Release|anycpu = Release|anycpu
	EndGlobalSection
	GlobalSection(ProjectConfigurationPlatforms) = postSolution
		{C70369E1-4334-4C18-B53B-489C7A11571D}.Debug|anycpu.ActiveCfg = Debug|anycpu
		{C70369E1-4334-4C18-B53B-489C7A11571D}.Debug|anycpu.Build.0 = Debug|anycpu
		{C70369E1-4334-4C18-B53B-489C7A11571D}.Release|anycpu.ActiveCfg = Release|anycpu
		{C70369E1-4334-4C18-B53B-489C7A11571D}.Release|anycpu.Build.0 = Release|anycpu
	EndGlobalSection
	GlobalSection(SolutionProperties) = preSolution
		HideSolutionNode = FALSE
	EndGlobalSection
	GlobalSection(ExtensibilityGlobals) = postSolution
		SolutionGuid = {39D38DED-7A9C-4292-8148-5F866EA0B30E}
	EndGlobalSection
EndGlobal
