
Microsoft Visual Studio Solution File, Format Version 12.00
# Visual Studio 15
Project("{FAE04EC0-301F-11D3-BF4B-00C04F79EFBC}") = "strategy", "strategy.csproj", "{436F9116-F1CE-4DF1-A8C9-AE9F70CA0621}"
EndProject
Global
	GlobalSection(SolutionConfigurationPlatforms) = preSolution
		Debug|Any CPU = Debug|Any CPU
		Release|Any CPU = Release|Any CPU
	EndGlobalSection
	GlobalSection(ProjectConfigurationPlatforms) = postSolution
		{436F9116-F1CE-4DF1-A8C9-AE9F70CA0621}.Debug|Any CPU.ActiveCfg = Debug|Any CPU
		{436F9116-F1CE-4DF1-A8C9-AE9F70CA0621}.Debug|Any CPU.Build.0 = Debug|Any CPU
		{436F9116-F1CE-4DF1-A8C9-AE9F70CA0621}.Release|Any CPU.ActiveCfg = Release|Any CPU
		{436F9116-F1CE-4DF1-A8C9-AE9F70CA0621}.Release|Any CPU.Build.0 = Release|Any CPU
	EndGlobalSection
EndGlobal
